
Microsoft Visual Studio Solution File, Format Version 12.00
# Visual Studio Version 17
VisualStudioVersion = 17.9.34723.18
MinimumVisualStudioVersion = 10.0.40219.1
Project("{FAE04EC0-301F-11D3-BF4B-00C04F79EFBC}") = "listtest", "listtest\listtest.csproj", "{AF24A16C-8EA3-4600-8C98-5659A12F4966}"
EndProject
Global
	GlobalSection(SolutionConfigurationPlatforms) = preSolution
		Debug|Any CPU = Debug|Any CPU
		Release|Any CPU = Release|Any CPU
	EndGlobalSection
	GlobalSection(ProjectConfigurationPlatforms) = postSolution
		{AF24A16C-8EA3-4600-8C98-5659A12F4966}.Debug|Any CPU.ActiveCfg = Debug|Any CPU
		{AF24A16C-8EA3-4600-8C98-5659A12F4966}.Debug|Any CPU.Build.0 = Debug|Any CPU
		{AF24A16C-8EA3-4600-8C98-5659A12F4966}.Debug|Any CPU.Deploy.0 = Debug|Any CPU
		{AF24A16C-8EA3-4600-8C98-5659A12F4966}.Release|Any CPU.ActiveCfg = Release|Any CPU
		{AF24A16C-8EA3-4600-8C98-5659A12F4966}.Release|Any CPU.Build.0 = Release|Any CPU
		{AF24A16C-8EA3-4600-8C98-5659A12F4966}.Release|Any CPU.Deploy.0 = Release|Any CPU
	EndGlobalSection
	GlobalSection(SolutionProperties) = preSolution
		HideSolutionNode = FALSE
	EndGlobalSection
	GlobalSection(ExtensibilityGlobals) = postSolution
		SolutionGuid = {52501AE9-C0D1-432C-B3BC-8A091294E16C}
	EndGlobalSection
EndGlobal
